
Microsoft Visual Studio Solution File, Format Version 12.00
# Visual Studio 15
VisualStudioVersion = 15.0.27428.2043
MinimumVisualStudioVersion = 10.0.40219.1
Project("{FAE04EC0-301F-11D3-BF4B-00C04F79EFBC}") = "IdentityConcept.IdentityServer", "IdentityConcept.IdentityServer\IdentityConcept.IdentityServer.csproj", "{C8AF782C-B9B7-4609-9F94-259027543C63}"
EndProject
Global
	GlobalSection(SolutionConfigurationPlatforms) = preSolution
		Debug|Any CPU = Debug|Any CPU
		Release|Any CPU = Release|Any CPU
	EndGlobalSection
	GlobalSection(ProjectConfigurationPlatforms) = postSolution
		{C8AF782C-B9B7-4609-9F94-259027543C63}.Debug|Any CPU.ActiveCfg = Debug|Any CPU
		{C8AF782C-B9B7-4609-9F94-259027543C63}.Debug|Any CPU.Build.0 = Debug|Any CPU
		{C8AF782C-B9B7-4609-9F94-259027543C63}.Release|Any CPU.ActiveCfg = Release|Any CPU
		{C8AF782C-B9B7-4609-9F94-259027543C63}.Release|Any CPU.Build.0 = Release|Any CPU
	EndGlobalSection
	GlobalSection(SolutionProperties) = preSolution
		HideSolutionNode = FALSE
	EndGlobalSection
	GlobalSection(ExtensibilityGlobals) = postSolution
		SolutionGuid = {55E7CE0D-8AD4-445C-B7AD-995F1AC3A671}
	EndGlobalSection
EndGlobal
